// !$*UTF8*$!
{
	archiveVersion = 1;
	classes = {
	};
	objectVersion = 46;
	objects = {

/* Begin PBXBuildFile section */
		84164A591A21B10C00A8B7F4 /* Operators.swift in Sources */ = {isa = PBXBuildFile; fileRef = 84164A581A21B10C00A8B7F4 /* Operators.swift */; };
		841B54C31A217FB30032E044 /* Algebra.h in Headers */ = {isa = PBXBuildFile; fileRef = 841B54C21A217FB30032E044 /* Algebra.h */; settings = {ATTRIBUTES = (Public, ); }; };
		841B54C91A217FB30032E044 /* Algebra.framework in Frameworks */ = {isa = PBXBuildFile; fileRef = 841B54BD1A217FB20032E044 /* Algebra.framework */; };
		841B54D01A217FB30032E044 /* AlgebraTests.swift in Sources */ = {isa = PBXBuildFile; fileRef = 841B54CF1A217FB30032E044 /* AlgebraTests.swift */; };
		841B54E11A217FCB0032E044 /* Group.swift in Sources */ = {isa = PBXBuildFile; fileRef = 841B54D91A217FCB0032E044 /* Group.swift */; };
		841B54E21A217FCB0032E044 /* Lattice.swift in Sources */ = {isa = PBXBuildFile; fileRef = 841B54DA1A217FCB0032E044 /* Lattice.swift */; };
		841B54E31A217FCB0032E044 /* Magma.swift in Sources */ = {isa = PBXBuildFile; fileRef = 841B54DB1A217FCB0032E044 /* Magma.swift */; };
		841B54E41A217FCB0032E044 /* Module.swift in Sources */ = {isa = PBXBuildFile; fileRef = 841B54DC1A217FCB0032E044 /* Module.swift */; };
		841B54E51A217FCB0032E044 /* Monoid.swift in Sources */ = {isa = PBXBuildFile; fileRef = 841B54DD1A217FCB0032E044 /* Monoid.swift */; };
		841B54E61A217FCB0032E044 /* Ring.swift in Sources */ = {isa = PBXBuildFile; fileRef = 841B54DE1A217FCB0032E044 /* Ring.swift */; };
		841B54E71A217FCB0032E044 /* Semigroup.swift in Sources */ = {isa = PBXBuildFile; fileRef = 841B54DF1A217FCB0032E044 /* Semigroup.swift */; };
		841B54E81A217FCB0032E044 /* Semiring.swift in Sources */ = {isa = PBXBuildFile; fileRef = 841B54E01A217FCB0032E044 /* Semiring.swift */; };
		84A53D941B1A91AF00E8A107 /* Algebra.framework in Frameworks */ = {isa = PBXBuildFile; fileRef = 84A53D891B1A91AF00E8A107 /* Algebra.framework */; };
		84A53DA21B1A91C100E8A107 /* AlgebraTests.swift in Sources */ = {isa = PBXBuildFile; fileRef = 841B54CF1A217FB30032E044 /* AlgebraTests.swift */; };
		84A53DA31B1A91F400E8A107 /* Operators.swift in Sources */ = {isa = PBXBuildFile; fileRef = 84164A581A21B10C00A8B7F4 /* Operators.swift */; };
		84A53DA41B1A91F400E8A107 /* Group.swift in Sources */ = {isa = PBXBuildFile; fileRef = 841B54D91A217FCB0032E044 /* Group.swift */; };
		84A53DA51B1A91F400E8A107 /* Lattice.swift in Sources */ = {isa = PBXBuildFile; fileRef = 841B54DA1A217FCB0032E044 /* Lattice.swift */; };
		84A53DA61B1A91F400E8A107 /* Magma.swift in Sources */ = {isa = PBXBuildFile; fileRef = 841B54DB1A217FCB0032E044 /* Magma.swift */; };
		84A53DA71B1A91F400E8A107 /* Module.swift in Sources */ = {isa = PBXBuildFile; fileRef = 841B54DC1A217FCB0032E044 /* Module.swift */; };
		84A53DA81B1A91F400E8A107 /* Monoid.swift in Sources */ = {isa = PBXBuildFile; fileRef = 841B54DD1A217FCB0032E044 /* Monoid.swift */; };
		84A53DA91B1A91F400E8A107 /* Ring.swift in Sources */ = {isa = PBXBuildFile; fileRef = 841B54DE1A217FCB0032E044 /* Ring.swift */; };
		84A53DAA1B1A91F400E8A107 /* Semigroup.swift in Sources */ = {isa = PBXBuildFile; fileRef = 841B54DF1A217FCB0032E044 /* Semigroup.swift */; };
		84A53DAB1B1A91F400E8A107 /* Semiring.swift in Sources */ = {isa = PBXBuildFile; fileRef = 841B54E01A217FCB0032E044 /* Semiring.swift */; };
		84A53DAC1B1A920500E8A107 /* Algebra.h in Headers */ = {isa = PBXBuildFile; fileRef = 841B54C21A217FB30032E044 /* Algebra.h */; settings = {ATTRIBUTES = (Public, ); }; };
		84A53DB11B1A93C800E8A107 /* Algebra.framework in CopyFiles */ = {isa = PBXBuildFile; fileRef = 84A53D891B1A91AF00E8A107 /* Algebra.framework */; settings = {ATTRIBUTES = (CodeSignOnCopy, RemoveHeadersOnCopy, ); }; };
/* End PBXBuildFile section */

/* Begin PBXContainerItemProxy section */
		841B54CA1A217FB30032E044 /* PBXContainerItemProxy */ = {
			isa = PBXContainerItemProxy;
			containerPortal = 841B54B41A217FB20032E044 /* Project object */;
			proxyType = 1;
			remoteGlobalIDString = 841B54BC1A217FB20032E044;
			remoteInfo = Algebra;
		};
		84A53D951B1A91AF00E8A107 /* PBXContainerItemProxy */ = {
			isa = PBXContainerItemProxy;
			containerPortal = 841B54B41A217FB20032E044 /* Project object */;
			proxyType = 1;
			remoteGlobalIDString = 84A53D881B1A91AF00E8A107;
			remoteInfo = "Algebra-iOS";
		};
/* End PBXContainerItemProxy section */

/* Begin PBXCopyFilesBuildPhase section */
		84A53DB01B1A93C200E8A107 /* CopyFiles */ = {
			isa = PBXCopyFilesBuildPhase;
			buildActionMask = 2147483647;
			dstPath = "";
			dstSubfolderSpec = 10;
			files = (
				84A53DB11B1A93C800E8A107 /* Algebra.framework in CopyFiles */,
			);
			runOnlyForDeploymentPostprocessing = 0;
		};
/* End PBXCopyFilesBuildPhase section */

/* Begin PBXFileReference section */
		84164A581A21B10C00A8B7F4 /* Operators.swift */ = {isa = PBXFileReference; fileEncoding = 4; lastKnownFileType = sourcecode.swift; name = Operators.swift; path = Algebra/Operators.swift; sourceTree = "<group>"; };
		841B54BD1A217FB20032E044 /* Algebra.framework */ = {isa = PBXFileReference; explicitFileType = wrapper.framework; includeInIndex = 0; path = Algebra.framework; sourceTree = BUILT_PRODUCTS_DIR; };
		841B54C11A217FB30032E044 /* Info.plist */ = {isa = PBXFileReference; lastKnownFileType = text.plist.xml; path = Info.plist; sourceTree = "<group>"; };
		841B54C21A217FB30032E044 /* Algebra.h */ = {isa = PBXFileReference; lastKnownFileType = sourcecode.c.h; name = Algebra.h; path = Algebra/Algebra.h; sourceTree = "<group>"; };
		841B54C81A217FB30032E044 /* AlgebraTests.xctest */ = {isa = PBXFileReference; explicitFileType = wrapper.cfbundle; includeInIndex = 0; path = AlgebraTests.xctest; sourceTree = BUILT_PRODUCTS_DIR; };
		841B54CE1A217FB30032E044 /* Info.plist */ = {isa = PBXFileReference; lastKnownFileType = text.plist.xml; path = Info.plist; sourceTree = "<group>"; };
		841B54CF1A217FB30032E044 /* AlgebraTests.swift */ = {isa = PBXFileReference; lastKnownFileType = sourcecode.swift; path = AlgebraTests.swift; sourceTree = "<group>"; };
		841B54D91A217FCB0032E044 /* Group.swift */ = {isa = PBXFileReference; fileEncoding = 4; lastKnownFileType = sourcecode.swift; path = Group.swift; sourceTree = "<group>"; };
		841B54DA1A217FCB0032E044 /* Lattice.swift */ = {isa = PBXFileReference; fileEncoding = 4; lastKnownFileType = sourcecode.swift; path = Lattice.swift; sourceTree = "<group>"; };
		841B54DB1A217FCB0032E044 /* Magma.swift */ = {isa = PBXFileReference; fileEncoding = 4; lastKnownFileType = sourcecode.swift; path = Magma.swift; sourceTree = "<group>"; };
		841B54DC1A217FCB0032E044 /* Module.swift */ = {isa = PBXFileReference; fileEncoding = 4; lastKnownFileType = sourcecode.swift; path = Module.swift; sourceTree = "<group>"; };
		841B54DD1A217FCB0032E044 /* Monoid.swift */ = {isa = PBXFileReference; fileEncoding = 4; lastKnownFileType = sourcecode.swift; path = Monoid.swift; sourceTree = "<group>"; };
		841B54DE1A217FCB0032E044 /* Ring.swift */ = {isa = PBXFileReference; fileEncoding = 4; lastKnownFileType = sourcecode.swift; path = Ring.swift; sourceTree = "<group>"; };
		841B54DF1A217FCB0032E044 /* Semigroup.swift */ = {isa = PBXFileReference; fileEncoding = 4; lastKnownFileType = sourcecode.swift; path = Semigroup.swift; sourceTree = "<group>"; };
		841B54E01A217FCB0032E044 /* Semiring.swift */ = {isa = PBXFileReference; fileEncoding = 4; lastKnownFileType = sourcecode.swift; path = Semiring.swift; sourceTree = "<group>"; };
		84A53D891B1A91AF00E8A107 /* Algebra.framework */ = {isa = PBXFileReference; explicitFileType = wrapper.framework; includeInIndex = 0; path = Algebra.framework; sourceTree = BUILT_PRODUCTS_DIR; };
		84A53D931B1A91AF00E8A107 /* Algebra-iOSTests.xctest */ = {isa = PBXFileReference; explicitFileType = wrapper.cfbundle; includeInIndex = 0; path = "Algebra-iOSTests.xctest"; sourceTree = BUILT_PRODUCTS_DIR; };
/* End PBXFileReference section */

/* Begin PBXFrameworksBuildPhase section */
		841B54B91A217FB20032E044 /* Frameworks */ = {
			isa = PBXFrameworksBuildPhase;
			buildActionMask = 2147483647;
			files = (
			);
			runOnlyForDeploymentPostprocessing = 0;
		};
		841B54C51A217FB30032E044 /* Frameworks */ = {
			isa = PBXFrameworksBuildPhase;
			buildActionMask = 2147483647;
			files = (
				841B54C91A217FB30032E044 /* Algebra.framework in Frameworks */,
			);
			runOnlyForDeploymentPostprocessing = 0;
		};
		84A53D851B1A91AF00E8A107 /* Frameworks */ = {
			isa = PBXFrameworksBuildPhase;
			buildActionMask = 2147483647;
			files = (
			);
			runOnlyForDeploymentPostprocessing = 0;
		};
		84A53D901B1A91AF00E8A107 /* Frameworks */ = {
			isa = PBXFrameworksBuildPhase;
			buildActionMask = 2147483647;
			files = (
				84A53D941B1A91AF00E8A107 /* Algebra.framework in Frameworks */,
			);
			runOnlyForDeploymentPostprocessing = 0;
		};
/* End PBXFrameworksBuildPhase section */

/* Begin PBXGroup section */
		841B54B31A217FB20032E044 = {
			isa = PBXGroup;
			children = (
				841B54C21A217FB30032E044 /* Algebra.h */,
				84164A581A21B10C00A8B7F4 /* Operators.swift */,
				841B54BF1A217FB20032E044 /* Algebra */,
				841B54CC1A217FB30032E044 /* AlgebraTests */,
				841B54BE1A217FB20032E044 /* Products */,
			);
			sourceTree = "<group>";
		};
		841B54BE1A217FB20032E044 /* Products */ = {
			isa = PBXGroup;
			children = (
				841B54BD1A217FB20032E044 /* Algebra.framework */,
				841B54C81A217FB30032E044 /* AlgebraTests.xctest */,
				84A53D891B1A91AF00E8A107 /* Algebra.framework */,
				84A53D931B1A91AF00E8A107 /* Algebra-iOSTests.xctest */,
			);
			name = Products;
			sourceTree = "<group>";
		};
		841B54BF1A217FB20032E044 /* Algebra */ = {
			isa = PBXGroup;
			children = (
				841B54D91A217FCB0032E044 /* Group.swift */,
				841B54DA1A217FCB0032E044 /* Lattice.swift */,
				841B54DB1A217FCB0032E044 /* Magma.swift */,
				841B54DC1A217FCB0032E044 /* Module.swift */,
				841B54DD1A217FCB0032E044 /* Monoid.swift */,
				841B54DE1A217FCB0032E044 /* Ring.swift */,
				841B54DF1A217FCB0032E044 /* Semigroup.swift */,
				841B54E01A217FCB0032E044 /* Semiring.swift */,
				841B54C01A217FB30032E044 /* Supporting Files */,
			);
			path = Algebra;
			sourceTree = "<group>";
		};
		841B54C01A217FB30032E044 /* Supporting Files */ = {
			isa = PBXGroup;
			children = (
				841B54C11A217FB30032E044 /* Info.plist */,
			);
			name = "Supporting Files";
			sourceTree = "<group>";
		};
		841B54CC1A217FB30032E044 /* AlgebraTests */ = {
			isa = PBXGroup;
			children = (
				841B54CF1A217FB30032E044 /* AlgebraTests.swift */,
				841B54CD1A217FB30032E044 /* Supporting Files */,
			);
			path = AlgebraTests;
			sourceTree = "<group>";
		};
		841B54CD1A217FB30032E044 /* Supporting Files */ = {
			isa = PBXGroup;
			children = (
				841B54CE1A217FB30032E044 /* Info.plist */,
			);
			name = "Supporting Files";
			sourceTree = "<group>";
		};
/* End PBXGroup section */

/* Begin PBXHeadersBuildPhase section */
		841B54BA1A217FB20032E044 /* Headers */ = {
			isa = PBXHeadersBuildPhase;
			buildActionMask = 2147483647;
			files = (
				841B54C31A217FB30032E044 /* Algebra.h in Headers */,
			);
			runOnlyForDeploymentPostprocessing = 0;
		};
		84A53D861B1A91AF00E8A107 /* Headers */ = {
			isa = PBXHeadersBuildPhase;
			buildActionMask = 2147483647;
			files = (
				84A53DAC1B1A920500E8A107 /* Algebra.h in Headers */,
			);
			runOnlyForDeploymentPostprocessing = 0;
		};
/* End PBXHeadersBuildPhase section */

/* Begin PBXNativeTarget section */
		841B54BC1A217FB20032E044 /* Algebra */ = {
			isa = PBXNativeTarget;
			buildConfigurationList = 841B54D31A217FB30032E044 /* Build configuration list for PBXNativeTarget "Algebra" */;
			buildPhases = (
				841B54B81A217FB20032E044 /* Sources */,
				841B54B91A217FB20032E044 /* Frameworks */,
				841B54BA1A217FB20032E044 /* Headers */,
				841B54BB1A217FB20032E044 /* Resources */,
			);
			buildRules = (
			);
			dependencies = (
			);
			name = Algebra;
			productName = Algebra;
			productReference = 841B54BD1A217FB20032E044 /* Algebra.framework */;
			productType = "com.apple.product-type.framework";
		};
		841B54C71A217FB30032E044 /* AlgebraTests */ = {
			isa = PBXNativeTarget;
			buildConfigurationList = 841B54D61A217FB30032E044 /* Build configuration list for PBXNativeTarget "AlgebraTests" */;
			buildPhases = (
				841B54C41A217FB30032E044 /* Sources */,
				841B54C51A217FB30032E044 /* Frameworks */,
				841B54C61A217FB30032E044 /* Resources */,
			);
			buildRules = (
			);
			dependencies = (
				841B54CB1A217FB30032E044 /* PBXTargetDependency */,
			);
			name = AlgebraTests;
			productName = AlgebraTests;
			productReference = 841B54C81A217FB30032E044 /* AlgebraTests.xctest */;
			productType = "com.apple.product-type.bundle.unit-test";
		};
		84A53D881B1A91AF00E8A107 /* Algebra-iOS */ = {
			isa = PBXNativeTarget;
			buildConfigurationList = 84A53DA01B1A91AF00E8A107 /* Build configuration list for PBXNativeTarget "Algebra-iOS" */;
			buildPhases = (
				84A53D841B1A91AF00E8A107 /* Sources */,
				84A53D851B1A91AF00E8A107 /* Frameworks */,
				84A53D861B1A91AF00E8A107 /* Headers */,
				84A53D871B1A91AF00E8A107 /* Resources */,
			);
			buildRules = (
			);
			dependencies = (
			);
			name = "Algebra-iOS";
			productName = "Algebra-iOS";
			productReference = 84A53D891B1A91AF00E8A107 /* Algebra.framework */;
			productType = "com.apple.product-type.framework";
		};
		84A53D921B1A91AF00E8A107 /* Algebra-iOSTests */ = {
			isa = PBXNativeTarget;
			buildConfigurationList = 84A53DA11B1A91AF00E8A107 /* Build configuration list for PBXNativeTarget "Algebra-iOSTests" */;
			buildPhases = (
				84A53D8F1B1A91AF00E8A107 /* Sources */,
				84A53D901B1A91AF00E8A107 /* Frameworks */,
				84A53D911B1A91AF00E8A107 /* Resources */,
				84A53DB01B1A93C200E8A107 /* CopyFiles */,
			);
			buildRules = (
			);
			dependencies = (
				84A53D961B1A91AF00E8A107 /* PBXTargetDependency */,
			);
			name = "Algebra-iOSTests";
			productName = "Algebra-iOSTests";
			productReference = 84A53D931B1A91AF00E8A107 /* Algebra-iOSTests.xctest */;
			productType = "com.apple.product-type.bundle.unit-test";
		};
/* End PBXNativeTarget section */

/* Begin PBXProject section */
		841B54B41A217FB20032E044 /* Project object */ = {
			isa = PBXProject;
			attributes = {
				LastUpgradeCheck = 0620;
				ORGANIZATIONNAME = TypeLift;
				TargetAttributes = {
					841B54BC1A217FB20032E044 = {
						CreatedOnToolsVersion = 6.2;
					};
					841B54C71A217FB30032E044 = {
						CreatedOnToolsVersion = 6.2;
					};
					84A53D881B1A91AF00E8A107 = {
						CreatedOnToolsVersion = 6.3.2;
					};
					84A53D921B1A91AF00E8A107 = {
						CreatedOnToolsVersion = 6.3.2;
					};
				};
			};
			buildConfigurationList = 841B54B71A217FB20032E044 /* Build configuration list for PBXProject "Algebra" */;
			compatibilityVersion = "Xcode 3.2";
			developmentRegion = English;
			hasScannedForEncodings = 0;
			knownRegions = (
				en,
			);
			mainGroup = 841B54B31A217FB20032E044;
			productRefGroup = 841B54BE1A217FB20032E044 /* Products */;
			projectDirPath = "";
			projectRoot = "";
			targets = (
				841B54BC1A217FB20032E044 /* Algebra */,
				841B54C71A217FB30032E044 /* AlgebraTests */,
				84A53D881B1A91AF00E8A107 /* Algebra-iOS */,
				84A53D921B1A91AF00E8A107 /* Algebra-iOSTests */,
			);
		};
/* End PBXProject section */

/* Begin PBXResourcesBuildPhase section */
		841B54BB1A217FB20032E044 /* Resources */ = {
			isa = PBXResourcesBuildPhase;
			buildActionMask = 2147483647;
			files = (
			);
			runOnlyForDeploymentPostprocessing = 0;
		};
		841B54C61A217FB30032E044 /* Resources */ = {
			isa = PBXResourcesBuildPhase;
			buildActionMask = 2147483647;
			files = (
			);
			runOnlyForDeploymentPostprocessing = 0;
		};
		84A53D871B1A91AF00E8A107 /* Resources */ = {
			isa = PBXResourcesBuildPhase;
			buildActionMask = 2147483647;
			files = (
			);
			runOnlyForDeploymentPostprocessing = 0;
		};
		84A53D911B1A91AF00E8A107 /* Resources */ = {
			isa = PBXResourcesBuildPhase;
			buildActionMask = 2147483647;
			files = (
			);
			runOnlyForDeploymentPostprocessing = 0;
		};
/* End PBXResourcesBuildPhase section */

/* Begin PBXSourcesBuildPhase section */
		841B54B81A217FB20032E044 /* Sources */ = {
			isa = PBXSourcesBuildPhase;
			buildActionMask = 2147483647;
			files = (
				841B54E21A217FCB0032E044 /* Lattice.swift in Sources */,
				841B54E61A217FCB0032E044 /* Ring.swift in Sources */,
				841B54E41A217FCB0032E044 /* Module.swift in Sources */,
				841B54E71A217FCB0032E044 /* Semigroup.swift in Sources */,
				841B54E31A217FCB0032E044 /* Magma.swift in Sources */,
				841B54E11A217FCB0032E044 /* Group.swift in Sources */,
				841B54E51A217FCB0032E044 /* Monoid.swift in Sources */,
				841B54E81A217FCB0032E044 /* Semiring.swift in Sources */,
				84164A591A21B10C00A8B7F4 /* Operators.swift in Sources */,
			);
			runOnlyForDeploymentPostprocessing = 0;
		};
		841B54C41A217FB30032E044 /* Sources */ = {
			isa = PBXSourcesBuildPhase;
			buildActionMask = 2147483647;
			files = (
				841B54D01A217FB30032E044 /* AlgebraTests.swift in Sources */,
			);
			runOnlyForDeploymentPostprocessing = 0;
		};
		84A53D841B1A91AF00E8A107 /* Sources */ = {
			isa = PBXSourcesBuildPhase;
			buildActionMask = 2147483647;
			files = (
				84A53DA31B1A91F400E8A107 /* Operators.swift in Sources */,
				84A53DA41B1A91F400E8A107 /* Group.swift in Sources */,
				84A53DA51B1A91F400E8A107 /* Lattice.swift in Sources */,
				84A53DA61B1A91F400E8A107 /* Magma.swift in Sources */,
				84A53DA71B1A91F400E8A107 /* Module.swift in Sources */,
				84A53DA81B1A91F400E8A107 /* Monoid.swift in Sources */,
				84A53DA91B1A91F400E8A107 /* Ring.swift in Sources */,
				84A53DAA1B1A91F400E8A107 /* Semigroup.swift in Sources */,
				84A53DAB1B1A91F400E8A107 /* Semiring.swift in Sources */,
			);
			runOnlyForDeploymentPostprocessing = 0;
		};
		84A53D8F1B1A91AF00E8A107 /* Sources */ = {
			isa = PBXSourcesBuildPhase;
			buildActionMask = 2147483647;
			files = (
				84A53DA21B1A91C100E8A107 /* AlgebraTests.swift in Sources */,
			);
			runOnlyForDeploymentPostprocessing = 0;
		};
/* End PBXSourcesBuildPhase section */

/* Begin PBXTargetDependency section */
		841B54CB1A217FB30032E044 /* PBXTargetDependency */ = {
			isa = PBXTargetDependency;
			target = 841B54BC1A217FB20032E044 /* Algebra */;
			targetProxy = 841B54CA1A217FB30032E044 /* PBXContainerItemProxy */;
		};
		84A53D961B1A91AF00E8A107 /* PBXTargetDependency */ = {
			isa = PBXTargetDependency;
			target = 84A53D881B1A91AF00E8A107 /* Algebra-iOS */;
			targetProxy = 84A53D951B1A91AF00E8A107 /* PBXContainerItemProxy */;
		};
/* End PBXTargetDependency section */

/* Begin XCBuildConfiguration section */
		841B54D11A217FB30032E044 /* Debug */ = {
			isa = XCBuildConfiguration;
			buildSettings = {
				ALWAYS_SEARCH_USER_PATHS = NO;
				CLANG_CXX_LANGUAGE_STANDARD = "gnu++0x";
				CLANG_CXX_LIBRARY = "libc++";
				CLANG_ENABLE_MODULES = YES;
				CLANG_ENABLE_OBJC_ARC = YES;
				CLANG_WARN_BOOL_CONVERSION = YES;
				CLANG_WARN_CONSTANT_CONVERSION = YES;
				CLANG_WARN_DIRECT_OBJC_ISA_USAGE = YES_ERROR;
				CLANG_WARN_EMPTY_BODY = YES;
				CLANG_WARN_ENUM_CONVERSION = YES;
				CLANG_WARN_INT_CONVERSION = YES;
				CLANG_WARN_OBJC_ROOT_CLASS = YES_ERROR;
				CLANG_WARN_UNREACHABLE_CODE = YES;
				CLANG_WARN__DUPLICATE_METHOD_MATCH = YES;
				COPY_PHASE_STRIP = NO;
				CURRENT_PROJECT_VERSION = 1;
				ENABLE_STRICT_OBJC_MSGSEND = YES;
				GCC_C_LANGUAGE_STANDARD = gnu99;
				GCC_DYNAMIC_NO_PIC = NO;
				GCC_OPTIMIZATION_LEVEL = 0;
				GCC_PREPROCESSOR_DEFINITIONS = (
					"DEBUG=1",
					"$(inherited)",
				);
				GCC_SYMBOLS_PRIVATE_EXTERN = NO;
				GCC_WARN_64_TO_32_BIT_CONVERSION = YES;
				GCC_WARN_ABOUT_RETURN_TYPE = YES_ERROR;
				GCC_WARN_UNDECLARED_SELECTOR = YES;
				GCC_WARN_UNINITIALIZED_AUTOS = YES_AGGRESSIVE;
				GCC_WARN_UNUSED_FUNCTION = YES;
				GCC_WARN_UNUSED_VARIABLE = YES;
				MACOSX_DEPLOYMENT_TARGET = 10.10;
				MTL_ENABLE_DEBUG_INFO = YES;
				ONLY_ACTIVE_ARCH = YES;
				SDKROOT = macosx;
				SWIFT_OPTIMIZATION_LEVEL = "-Onone";
				VERSIONING_SYSTEM = "apple-generic";
				VERSION_INFO_PREFIX = "";
			};
			name = Debug;
		};
		841B54D21A217FB30032E044 /* Release */ = {
			isa = XCBuildConfiguration;
			buildSettings = {
				ALWAYS_SEARCH_USER_PATHS = NO;
				CLANG_CXX_LANGUAGE_STANDARD = "gnu++0x";
				CLANG_CXX_LIBRARY = "libc++";
				CLANG_ENABLE_MODULES = YES;
				CLANG_ENABLE_OBJC_ARC = YES;
				CLANG_WARN_BOOL_CONVERSION = YES;
				CLANG_WARN_CONSTANT_CONVERSION = YES;
				CLANG_WARN_DIRECT_OBJC_ISA_USAGE = YES_ERROR;
				CLANG_WARN_EMPTY_BODY = YES;
				CLANG_WARN_ENUM_CONVERSION = YES;
				CLANG_WARN_INT_CONVERSION = YES;
				CLANG_WARN_OBJC_ROOT_CLASS = YES_ERROR;
				CLANG_WARN_UNREACHABLE_CODE = YES;
				CLANG_WARN__DUPLICATE_METHOD_MATCH = YES;
				COPY_PHASE_STRIP = YES;
				CURRENT_PROJECT_VERSION = 1;
				DEBUG_INFORMATION_FORMAT = "dwarf-with-dsym";
				ENABLE_NS_ASSERTIONS = NO;
				ENABLE_STRICT_OBJC_MSGSEND = YES;
				GCC_C_LANGUAGE_STANDARD = gnu99;
				GCC_WARN_64_TO_32_BIT_CONVERSION = YES;
				GCC_WARN_ABOUT_RETURN_TYPE = YES_ERROR;
				GCC_WARN_UNDECLARED_SELECTOR = YES;
				GCC_WARN_UNINITIALIZED_AUTOS = YES_AGGRESSIVE;
				GCC_WARN_UNUSED_FUNCTION = YES;
				GCC_WARN_UNUSED_VARIABLE = YES;
				MACOSX_DEPLOYMENT_TARGET = 10.10;
				MTL_ENABLE_DEBUG_INFO = NO;
				SDKROOT = macosx;
				VERSIONING_SYSTEM = "apple-generic";
				VERSION_INFO_PREFIX = "";
			};
			name = Release;
		};
		841B54D41A217FB30032E044 /* Debug */ = {
			isa = XCBuildConfiguration;
			buildSettings = {
				CLANG_ENABLE_MODULES = YES;
				COMBINE_HIDPI_IMAGES = YES;
				DEFINES_MODULE = YES;
				DYLIB_COMPATIBILITY_VERSION = 1;
				DYLIB_CURRENT_VERSION = 1;
				DYLIB_INSTALL_NAME_BASE = "@rpath";
				FRAMEWORK_VERSION = A;
				INFOPLIST_FILE = Algebra/Info.plist;
				INSTALL_PATH = "$(LOCAL_LIBRARY_DIR)/Frameworks";
				LD_RUNPATH_SEARCH_PATHS = "$(inherited) @executable_path/../Frameworks @loader_path/Frameworks";
				PRODUCT_NAME = "$(TARGET_NAME)";
				SKIP_INSTALL = YES;
				SWIFT_OPTIMIZATION_LEVEL = "-Onone";
			};
			name = Debug;
		};
		841B54D51A217FB30032E044 /* Release */ = {
			isa = XCBuildConfiguration;
			buildSettings = {
				CLANG_ENABLE_MODULES = YES;
				COMBINE_HIDPI_IMAGES = YES;
				DEFINES_MODULE = YES;
				DYLIB_COMPATIBILITY_VERSION = 1;
				DYLIB_CURRENT_VERSION = 1;
				DYLIB_INSTALL_NAME_BASE = "@rpath";
				FRAMEWORK_VERSION = A;
				INFOPLIST_FILE = Algebra/Info.plist;
				INSTALL_PATH = "$(LOCAL_LIBRARY_DIR)/Frameworks";
				LD_RUNPATH_SEARCH_PATHS = "$(inherited) @executable_path/../Frameworks @loader_path/Frameworks";
				PRODUCT_NAME = "$(TARGET_NAME)";
				SKIP_INSTALL = YES;
			};
			name = Release;
		};
		841B54D71A217FB30032E044 /* Debug */ = {
			isa = XCBuildConfiguration;
			buildSettings = {
				COMBINE_HIDPI_IMAGES = YES;
				FRAMEWORK_SEARCH_PATHS = (
					"$(DEVELOPER_FRAMEWORKS_DIR)",
					"$(inherited)",
				);
				GCC_PREPROCESSOR_DEFINITIONS = (
					"DEBUG=1",
					"$(inherited)",
				);
				INFOPLIST_FILE = AlgebraTests/Info.plist;
				LD_RUNPATH_SEARCH_PATHS = "$(inherited) @executable_path/../Frameworks @loader_path/../Frameworks";
				PRODUCT_NAME = "$(TARGET_NAME)";
			};
			name = Debug;
		};
		841B54D81A217FB30032E044 /* Release */ = {
			isa = XCBuildConfiguration;
			buildSettings = {
				COMBINE_HIDPI_IMAGES = YES;
				FRAMEWORK_SEARCH_PATHS = (
					"$(DEVELOPER_FRAMEWORKS_DIR)",
					"$(inherited)",
				);
				INFOPLIST_FILE = AlgebraTests/Info.plist;
				LD_RUNPATH_SEARCH_PATHS = "$(inherited) @executable_path/../Frameworks @loader_path/../Frameworks";
				PRODUCT_NAME = "$(TARGET_NAME)";
			};
			name = Release;
		};
		84A53D9C1B1A91AF00E8A107 /* Debug */ = {
			isa = XCBuildConfiguration;
			buildSettings = {
				"CODE_SIGN_IDENTITY[sdk=iphoneos*]" = "iPhone Developer";
				DEBUG_INFORMATION_FORMAT = "dwarf-with-dsym";
				DEFINES_MODULE = YES;
				DYLIB_COMPATIBILITY_VERSION = 1;
				DYLIB_CURRENT_VERSION = 1;
				DYLIB_INSTALL_NAME_BASE = "@rpath";
				GCC_NO_COMMON_BLOCKS = YES;
				GCC_PREPROCESSOR_DEFINITIONS = (
					"DEBUG=1",
					"$(inherited)",
				);
				INFOPLIST_FILE = Algebra/Info.plist;
				INSTALL_PATH = "$(LOCAL_LIBRARY_DIR)/Frameworks";
				IPHONEOS_DEPLOYMENT_TARGET = 8.3;
				LD_RUNPATH_SEARCH_PATHS = "$(inherited) @executable_path/Frameworks @loader_path/Frameworks";
				PRODUCT_NAME = Algebra;
				SDKROOT = iphoneos;
				SKIP_INSTALL = YES;
				TARGETED_DEVICE_FAMILY = "1,2";
			};
			name = Debug;
		};
		84A53D9D1B1A91AF00E8A107 /* Release */ = {
			isa = XCBuildConfiguration;
			buildSettings = {
				"CODE_SIGN_IDENTITY[sdk=iphoneos*]" = "iPhone Developer";
				COPY_PHASE_STRIP = NO;
				DEFINES_MODULE = YES;
				DYLIB_COMPATIBILITY_VERSION = 1;
				DYLIB_CURRENT_VERSION = 1;
				DYLIB_INSTALL_NAME_BASE = "@rpath";
				GCC_NO_COMMON_BLOCKS = YES;
				INFOPLIST_FILE = Algebra/Info.plist;
				INSTALL_PATH = "$(LOCAL_LIBRARY_DIR)/Frameworks";
				IPHONEOS_DEPLOYMENT_TARGET = 8.3;
				LD_RUNPATH_SEARCH_PATHS = "$(inherited) @executable_path/Frameworks @loader_path/Frameworks";
				PRODUCT_NAME = Algebra;
				SDKROOT = iphoneos;
				SKIP_INSTALL = YES;
				TARGETED_DEVICE_FAMILY = "1,2";
				VALIDATE_PRODUCT = YES;
			};
			name = Release;
		};
		84A53D9E1B1A91AF00E8A107 /* Debug */ = {
			isa = XCBuildConfiguration;
			buildSettings = {
				"CODE_SIGN_IDENTITY[sdk=iphoneos*]" = "iPhone Developer";
				DEBUG_INFORMATION_FORMAT = "dwarf-with-dsym";
				FRAMEWORK_SEARCH_PATHS = (
					"$(SDKROOT)/Developer/Library/Frameworks",
					"$(inherited)",
				);
				GCC_NO_COMMON_BLOCKS = YES;
				GCC_PREPROCESSOR_DEFINITIONS = (
					"DEBUG=1",
					"$(inherited)",
				);
				INFOPLIST_FILE = AlgebraTests/Info.plist;
				IPHONEOS_DEPLOYMENT_TARGET = 8.3;
				LD_RUNPATH_SEARCH_PATHS = "$(inherited) @executable_path/Frameworks @loader_path/Frameworks";
				PRODUCT_NAME = "$(TARGET_NAME)";
				SDKROOT = iphoneos;
			};
			name = Debug;
		};
		84A53D9F1B1A91AF00E8A107 /* Release */ = {
			isa = XCBuildConfiguration;
			buildSettings = {
				"CODE_SIGN_IDENTITY[sdk=iphoneos*]" = "iPhone Developer";
				COPY_PHASE_STRIP = NO;
				FRAMEWORK_SEARCH_PATHS = (
					"$(SDKROOT)/Developer/Library/Frameworks",
					"$(inherited)",
				);
				GCC_NO_COMMON_BLOCKS = YES;
				INFOPLIST_FILE = AlgebraTests/Info.plist;
				IPHONEOS_DEPLOYMENT_TARGET = 8.3;
				LD_RUNPATH_SEARCH_PATHS = "$(inherited) @executable_path/Frameworks @loader_path/Frameworks";
				PRODUCT_NAME = "$(TARGET_NAME)";
				SDKROOT = iphoneos;
				VALIDATE_PRODUCT = YES;
			};
			name = Release;
		};
/* End XCBuildConfiguration section */

/* Begin XCConfigurationList section */
		841B54B71A217FB20032E044 /* Build configuration list for PBXProject "Algebra" */ = {
			isa = XCConfigurationList;
			buildConfigurations = (
				841B54D11A217FB30032E044 /* Debug */,
				841B54D21A217FB30032E044 /* Release */,
			);
			defaultConfigurationIsVisible = 0;
			defaultConfigurationName = Release;
		};
		841B54D31A217FB30032E044 /* Build configuration list for PBXNativeTarget "Algebra" */ = {
			isa = XCConfigurationList;
			buildConfigurations = (
				841B54D41A217FB30032E044 /* Debug */,
				841B54D51A217FB30032E044 /* Release */,
			);
			defaultConfigurationIsVisible = 0;
			defaultConfigurationName = Release;
		};
		841B54D61A217FB30032E044 /* Build configuration list for PBXNativeTarget "AlgebraTests" */ = {
			isa = XCConfigurationList;
			buildConfigurations = (
				841B54D71A217FB30032E044 /* Debug */,
				841B54D81A217FB30032E044 /* Release */,
			);
			defaultConfigurationIsVisible = 0;
			defaultConfigurationName = Release;
		};
		84A53DA01B1A91AF00E8A107 /* Build configuration list for PBXNativeTarget "Algebra-iOS" */ = {
			isa = XCConfigurationList;
			buildConfigurations = (
				84A53D9C1B1A91AF00E8A107 /* Debug */,
				84A53D9D1B1A91AF00E8A107 /* Release */,
			);
			defaultConfigurationIsVisible = 0;
			defaultConfigurationName = Release;
		};
		84A53DA11B1A91AF00E8A107 /* Build configuration list for PBXNativeTarget "Algebra-iOSTests" */ = {
			isa = XCConfigurationList;
			buildConfigurations = (
				84A53D9E1B1A91AF00E8A107 /* Debug */,
				84A53D9F1B1A91AF00E8A107 /* Release */,
			);
			defaultConfigurationIsVisible = 0;
			defaultConfigurationName = Release;
		};
/* End XCConfigurationList section */
	};
	rootObject = 841B54B41A217FB20032E044 /* Project object */;
}
